// !$*UTF8*$!
{
	archiveVersion = 1;
	classes = {
	};
	objectVersion = 50;
	objects = {

/* Begin PBXBuildFile section */
		CF1F9FA924704D5200A018D9 /* AppView.swift in Sources */ = {isa = PBXBuildFile; fileRef = CF1F9FA824704D5200A018D9 /* AppView.swift */; };
		CF1F9FAB24704D6500A018D9 /* AvocadosView.swift in Sources */ = {isa = PBXBuildFile; fileRef = CF1F9FAA24704D6500A018D9 /* AvocadosView.swift */; };
		CF1F9FAD24704D7F00A018D9 /* RipeningStagesView.swift in Sources */ = {isa = PBXBuildFile; fileRef = CF1F9FAC24704D7F00A018D9 /* RipeningStagesView.swift */; };
		CF1F9FAF24704DB000A018D9 /* SettingsView.swift in Sources */ = {isa = PBXBuildFile; fileRef = CF1F9FAE24704DB000A018D9 /* SettingsView.swift */; };
		CF1F9FB12471A2DE00A018D9 /* HeaderView.swift in Sources */ = {isa = PBXBuildFile; fileRef = CF1F9FB02471A2DE00A018D9 /* HeaderView.swift */; };
		CF1F9FB32471CBE300A018D9 /* Header.swift in Sources */ = {isa = PBXBuildFile; fileRef = CF1F9FB22471CBE300A018D9 /* Header.swift */; };
		CF1F9FB52471CC7400A018D9 /* HeaderData.swift in Sources */ = {isa = PBXBuildFile; fileRef = CF1F9FB42471CC7400A018D9 /* HeaderData.swift */; };
		CF1F9FB72471D84600A018D9 /* DishesView.swift in Sources */ = {isa = PBXBuildFile; fileRef = CF1F9FB62471D84600A018D9 /* DishesView.swift */; };
		CF369B48246F4B5D00A97100 /* AppDelegate.swift in Sources */ = {isa = PBXBuildFile; fileRef = CF369B47246F4B5D00A97100 /* AppDelegate.swift */; };
		CF369B4A246F4B5D00A97100 /* SceneDelegate.swift in Sources */ = {isa = PBXBuildFile; fileRef = CF369B49246F4B5D00A97100 /* SceneDelegate.swift */; };
		CF369B4C246F4B5D00A97100 /* ContentView.swift in Sources */ = {isa = PBXBuildFile; fileRef = CF369B4B246F4B5D00A97100 /* ContentView.swift */; };
		CF369B4E246F4B5E00A97100 /* Assets.xcassets in Resources */ = {isa = PBXBuildFile; fileRef = CF369B4D246F4B5E00A97100 /* Assets.xcassets */; };
		CF369B51246F4B5E00A97100 /* Preview Assets.xcassets in Resources */ = {isa = PBXBuildFile; fileRef = CF369B50246F4B5E00A97100 /* Preview Assets.xcassets */; };
		CF369B54246F4B5E00A97100 /* LaunchScreen.storyboard in Resources */ = {isa = PBXBuildFile; fileRef = CF369B52246F4B5E00A97100 /* LaunchScreen.storyboard */; };
		CF7269522473095F00E06C10 /* FactsView.swift in Sources */ = {isa = PBXBuildFile; fileRef = CF7269512473095F00E06C10 /* FactsView.swift */; };
		CF7269542473118F00E06C10 /* Fact.swift in Sources */ = {isa = PBXBuildFile; fileRef = CF7269532473118F00E06C10 /* Fact.swift */; };
		CF7269562473121E00E06C10 /* FactData.swift in Sources */ = {isa = PBXBuildFile; fileRef = CF7269552473121E00E06C10 /* FactData.swift */; };
		CF726958247316B200E06C10 /* Recipe.swift in Sources */ = {isa = PBXBuildFile; fileRef = CF726957247316B200E06C10 /* Recipe.swift */; };
		CF72695A2473179300E06C10 /* RecipeData.swift in Sources */ = {isa = PBXBuildFile; fileRef = CF7269592473179300E06C10 /* RecipeData.swift */; };
		CF72695C24731AA700E06C10 /* RecipeCardView.swift in Sources */ = {isa = PBXBuildFile; fileRef = CF72695B24731AA700E06C10 /* RecipeCardView.swift */; };
		CF72695E24732FEE00E06C10 /* RecipeRatingView.swift in Sources */ = {isa = PBXBuildFile; fileRef = CF72695D24732FEE00E06C10 /* RecipeRatingView.swift */; };
		CF726960247330F700E06C10 /* RecipeCookingView.swift in Sources */ = {isa = PBXBuildFile; fileRef = CF72695F247330F700E06C10 /* RecipeCookingView.swift */; };
		CF726962247331ED00E06C10 /* RecipeDetailView.swift in Sources */ = {isa = PBXBuildFile; fileRef = CF726961247331ED00E06C10 /* RecipeDetailView.swift */; };
		CF760FBC24744D070009A402 /* RipeningView.swift in Sources */ = {isa = PBXBuildFile; fileRef = CF760FBB24744D070009A402 /* RipeningView.swift */; };
		CF760FBE247465220009A402 /* Ripening.swift in Sources */ = {isa = PBXBuildFile; fileRef = CF760FBD247465220009A402 /* Ripening.swift */; };
		CF760FC02474874E0009A402 /* RipeningData.swift in Sources */ = {isa = PBXBuildFile; fileRef = CF760FBF2474874E0009A402 /* RipeningData.swift */; };
/* End PBXBuildFile section */

/* Begin PBXFileReference section */
		CF1F9FA824704D5200A018D9 /* AppView.swift */ = {isa = PBXFileReference; lastKnownFileType = sourcecode.swift; path = AppView.swift; sourceTree = "<group>"; };
		CF1F9FAA24704D6500A018D9 /* AvocadosView.swift */ = {isa = PBXFileReference; lastKnownFileType = sourcecode.swift; path = AvocadosView.swift; sourceTree = "<group>"; };
		CF1F9FAC24704D7F00A018D9 /* RipeningStagesView.swift */ = {isa = PBXFileReference; lastKnownFileType = sourcecode.swift; path = RipeningStagesView.swift; sourceTree = "<group>"; };
		CF1F9FAE24704DB000A018D9 /* SettingsView.swift */ = {isa = PBXFileReference; lastKnownFileType = sourcecode.swift; path = SettingsView.swift; sourceTree = "<group>"; };
		CF1F9FB02471A2DE00A018D9 /* HeaderView.swift */ = {isa = PBXFileReference; lastKnownFileType = sourcecode.swift; path = HeaderView.swift; sourceTree = "<group>"; };
		CF1F9FB22471CBE300A018D9 /* Header.swift */ = {isa = PBXFileReference; lastKnownFileType = sourcecode.swift; path = Header.swift; sourceTree = "<group>"; };
		CF1F9FB42471CC7400A018D9 /* HeaderData.swift */ = {isa = PBXFileReference; lastKnownFileType = sourcecode.swift; path = HeaderData.swift; sourceTree = "<group>"; };
		CF1F9FB62471D84600A018D9 /* DishesView.swift */ = {isa = PBXFileReference; lastKnownFileType = sourcecode.swift; path = DishesView.swift; sourceTree = "<group>"; };
		CF369B44246F4B5D00A97100 /* AguacatesUI.app */ = {isa = PBXFileReference; explicitFileType = wrapper.application; includeInIndex = 0; path = AguacatesUI.app; sourceTree = BUILT_PRODUCTS_DIR; };
		CF369B47246F4B5D00A97100 /* AppDelegate.swift */ = {isa = PBXFileReference; lastKnownFileType = sourcecode.swift; path = AppDelegate.swift; sourceTree = "<group>"; };
		CF369B49246F4B5D00A97100 /* SceneDelegate.swift */ = {isa = PBXFileReference; lastKnownFileType = sourcecode.swift; path = SceneDelegate.swift; sourceTree = "<group>"; };
		CF369B4B246F4B5D00A97100 /* ContentView.swift */ = {isa = PBXFileReference; lastKnownFileType = sourcecode.swift; path = ContentView.swift; sourceTree = "<group>"; };
		CF369B4D246F4B5E00A97100 /* Assets.xcassets */ = {isa = PBXFileReference; lastKnownFileType = folder.assetcatalog; path = Assets.xcassets; sourceTree = "<group>"; };
		CF369B50246F4B5E00A97100 /* Preview Assets.xcassets */ = {isa = PBXFileReference; lastKnownFileType = folder.assetcatalog; path = "Preview Assets.xcassets"; sourceTree = "<group>"; };
		CF369B53246F4B5E00A97100 /* Base */ = {isa = PBXFileReference; lastKnownFileType = file.storyboard; name = Base; path = Base.lproj/LaunchScreen.storyboard; sourceTree = "<group>"; };
		CF369B55246F4B5E00A97100 /* Info.plist */ = {isa = PBXFileReference; lastKnownFileType = text.plist.xml; path = Info.plist; sourceTree = "<group>"; };
		CF7269512473095F00E06C10 /* FactsView.swift */ = {isa = PBXFileReference; lastKnownFileType = sourcecode.swift; path = FactsView.swift; sourceTree = "<group>"; };
		CF7269532473118F00E06C10 /* Fact.swift */ = {isa = PBXFileReference; lastKnownFileType = sourcecode.swift; path = Fact.swift; sourceTree = "<group>"; };
		CF7269552473121E00E06C10 /* FactData.swift */ = {isa = PBXFileReference; lastKnownFileType = sourcecode.swift; path = FactData.swift; sourceTree = "<group>"; };
		CF726957247316B200E06C10 /* Recipe.swift */ = {isa = PBXFileReference; lastKnownFileType = sourcecode.swift; path = Recipe.swift; sourceTree = "<group>"; };
		CF7269592473179300E06C10 /* RecipeData.swift */ = {isa = PBXFileReference; lastKnownFileType = sourcecode.swift; path = RecipeData.swift; sourceTree = "<group>"; };
		CF72695B24731AA700E06C10 /* RecipeCardView.swift */ = {isa = PBXFileReference; lastKnownFileType = sourcecode.swift; path = RecipeCardView.swift; sourceTree = "<group>"; };
		CF72695D24732FEE00E06C10 /* RecipeRatingView.swift */ = {isa = PBXFileReference; lastKnownFileType = sourcecode.swift; path = RecipeRatingView.swift; sourceTree = "<group>"; };
		CF72695F247330F700E06C10 /* RecipeCookingView.swift */ = {isa = PBXFileReference; lastKnownFileType = sourcecode.swift; path = RecipeCookingView.swift; sourceTree = "<group>"; };
		CF726961247331ED00E06C10 /* RecipeDetailView.swift */ = {isa = PBXFileReference; lastKnownFileType = sourcecode.swift; path = RecipeDetailView.swift; sourceTree = "<group>"; };
		CF760FBB24744D070009A402 /* RipeningView.swift */ = {isa = PBXFileReference; lastKnownFileType = sourcecode.swift; path = RipeningView.swift; sourceTree = "<group>"; };
		CF760FBD247465220009A402 /* Ripening.swift */ = {isa = PBXFileReference; lastKnownFileType = sourcecode.swift; path = Ripening.swift; sourceTree = "<group>"; };
		CF760FBF2474874E0009A402 /* RipeningData.swift */ = {isa = PBXFileReference; lastKnownFileType = sourcecode.swift; path = RipeningData.swift; sourceTree = "<group>"; };
/* End PBXFileReference section */

/* Begin PBXFrameworksBuildPhase section */
		CF369B41246F4B5D00A97100 /* Frameworks */ = {
			isa = PBXFrameworksBuildPhase;
			buildActionMask = 2147483647;
			files = (
			);
			runOnlyForDeploymentPostprocessing = 0;
		};
/* End PBXFrameworksBuildPhase section */

/* Begin PBXGroup section */
		CF1F9FA524704D2B00A018D9 /* Models */ = {
			isa = PBXGroup;
			children = (
				CF1F9FB22471CBE300A018D9 /* Header.swift */,
				CF7269532473118F00E06C10 /* Fact.swift */,
				CF726957247316B200E06C10 /* Recipe.swift */,
				CF760FBD247465220009A402 /* Ripening.swift */,
			);
			path = Models;
			sourceTree = "<group>";
		};
		CF1F9FA624704D3500A018D9 /* Views */ = {
			isa = PBXGroup;
			children = (
				CF369B4B246F4B5D00A97100 /* ContentView.swift */,
				CF1F9FA824704D5200A018D9 /* AppView.swift */,
				CF1F9FAA24704D6500A018D9 /* AvocadosView.swift */,
				CF1F9FAC24704D7F00A018D9 /* RipeningStagesView.swift */,
				CF1F9FAE24704DB000A018D9 /* SettingsView.swift */,
				CF1F9FB02471A2DE00A018D9 /* HeaderView.swift */,
				CF1F9FB62471D84600A018D9 /* DishesView.swift */,
				CF7269512473095F00E06C10 /* FactsView.swift */,
				CF72695B24731AA700E06C10 /* RecipeCardView.swift */,
				CF72695D24732FEE00E06C10 /* RecipeRatingView.swift */,
				CF72695F247330F700E06C10 /* RecipeCookingView.swift */,
				CF726961247331ED00E06C10 /* RecipeDetailView.swift */,
				CF760FBB24744D070009A402 /* RipeningView.swift */,
			);
			path = Views;
			sourceTree = "<group>";
		};
		CF1F9FA724704D3F00A018D9 /* Data */ = {
			isa = PBXGroup;
			children = (
				CF1F9FB42471CC7400A018D9 /* HeaderData.swift */,
				CF7269552473121E00E06C10 /* FactData.swift */,
				CF7269592473179300E06C10 /* RecipeData.swift */,
				CF760FBF2474874E0009A402 /* RipeningData.swift */,
			);
			path = Data;
			sourceTree = "<group>";
		};
		CF369B3B246F4B5D00A97100 = {
			isa = PBXGroup;
			children = (
				CF369B46246F4B5D00A97100 /* AguacatesUI */,
				CF369B45246F4B5D00A97100 /* Products */,
			);
			sourceTree = "<group>";
		};
		CF369B45246F4B5D00A97100 /* Products */ = {
			isa = PBXGroup;
			children = (
				CF369B44246F4B5D00A97100 /* AguacatesUI.app */,
			);
			name = Products;
			sourceTree = "<group>";
		};
		CF369B46246F4B5D00A97100 /* AguacatesUI */ = {
			isa = PBXGroup;
			children = (
				CF1F9FA724704D3F00A018D9 /* Data */,
				CF1F9FA624704D3500A018D9 /* Views */,
				CF1F9FA524704D2B00A018D9 /* Models */,
				CF369B47246F4B5D00A97100 /* AppDelegate.swift */,
				CF369B49246F4B5D00A97100 /* SceneDelegate.swift */,
				CF369B4D246F4B5E00A97100 /* Assets.xcassets */,
				CF369B52246F4B5E00A97100 /* LaunchScreen.storyboard */,
				CF369B55246F4B5E00A97100 /* Info.plist */,
				CF369B4F246F4B5E00A97100 /* Preview Content */,
			);
			path = AguacatesUI;
			sourceTree = "<group>";
		};
		CF369B4F246F4B5E00A97100 /* Preview Content */ = {
			isa = PBXGroup;
			children = (
				CF369B50246F4B5E00A97100 /* Preview Assets.xcassets */,
			);
			path = "Preview Content";
			sourceTree = "<group>";
		};
/* End PBXGroup section */

/* Begin PBXNativeTarget section */
		CF369B43246F4B5D00A97100 /* AguacatesUI */ = {
			isa = PBXNativeTarget;
			buildConfigurationList = CF369B58246F4B5E00A97100 /* Build configuration list for PBXNativeTarget "AguacatesUI" */;
			buildPhases = (
				CF369B40246F4B5D00A97100 /* Sources */,
				CF369B41246F4B5D00A97100 /* Frameworks */,
				CF369B42246F4B5D00A97100 /* Resources */,
			);
			buildRules = (
			);
			dependencies = (
			);
			name = AguacatesUI;
			productName = AguacatesUI;
			productReference = CF369B44246F4B5D00A97100 /* AguacatesUI.app */;
			productType = "com.apple.product-type.application";
		};
/* End PBXNativeTarget section */

/* Begin PBXProject section */
		CF369B3C246F4B5D00A97100 /* Project object */ = {
			isa = PBXProject;
			attributes = {
				LastSwiftUpdateCheck = 1140;
				LastUpgradeCheck = 1140;
				ORGANIZATIONNAME = Pozolx;
				TargetAttributes = {
					CF369B43246F4B5D00A97100 = {
						CreatedOnToolsVersion = 11.4.1;
					};
				};
			};
			buildConfigurationList = CF369B3F246F4B5D00A97100 /* Build configuration list for PBXProject "AguacatesUI" */;
			compatibilityVersion = "Xcode 9.3";
			developmentRegion = en;
			hasScannedForEncodings = 0;
			knownRegions = (
				en,
				Base,
			);
			mainGroup = CF369B3B246F4B5D00A97100;
			productRefGroup = CF369B45246F4B5D00A97100 /* Products */;
			projectDirPath = "";
			projectRoot = "";
			targets = (
				CF369B43246F4B5D00A97100 /* AguacatesUI */,
			);
		};
/* End PBXProject section */

/* Begin PBXResourcesBuildPhase section */
		CF369B42246F4B5D00A97100 /* Resources */ = {
			isa = PBXResourcesBuildPhase;
			buildActionMask = 2147483647;
			files = (
				CF369B54246F4B5E00A97100 /* LaunchScreen.storyboard in Resources */,
				CF369B51246F4B5E00A97100 /* Preview Assets.xcassets in Resources */,
				CF369B4E246F4B5E00A97100 /* Assets.xcassets in Resources */,
			);
			runOnlyForDeploymentPostprocessing = 0;
		};
/* End PBXResourcesBuildPhase section */

/* Begin PBXSourcesBuildPhase section */
		CF369B40246F4B5D00A97100 /* Sources */ = {
			isa = PBXSourcesBuildPhase;
			buildActionMask = 2147483647;
			files = (
				CF1F9FB32471CBE300A018D9 /* Header.swift in Sources */,
				CF760FBE247465220009A402 /* Ripening.swift in Sources */,
				CF1F9FAF24704DB000A018D9 /* SettingsView.swift in Sources */,
				CF760FBC24744D070009A402 /* RipeningView.swift in Sources */,
				CF7269542473118F00E06C10 /* Fact.swift in Sources */,
				CF1F9FAB24704D6500A018D9 /* AvocadosView.swift in Sources */,
				CF726960247330F700E06C10 /* RecipeCookingView.swift in Sources */,
				CF1F9FA924704D5200A018D9 /* AppView.swift in Sources */,
				CF369B48246F4B5D00A97100 /* AppDelegate.swift in Sources */,
				CF760FC02474874E0009A402 /* RipeningData.swift in Sources */,
				CF369B4A246F4B5D00A97100 /* SceneDelegate.swift in Sources */,
				CF72695E24732FEE00E06C10 /* RecipeRatingView.swift in Sources */,
				CF1F9FAD24704D7F00A018D9 /* RipeningStagesView.swift in Sources */,
				CF369B4C246F4B5D00A97100 /* ContentView.swift in Sources */,
				CF726962247331ED00E06C10 /* RecipeDetailView.swift in Sources */,
				CF72695C24731AA700E06C10 /* RecipeCardView.swift in Sources */,
				CF726958247316B200E06C10 /* Recipe.swift in Sources */,
				CF7269562473121E00E06C10 /* FactData.swift in Sources */,
				CF1F9FB72471D84600A018D9 /* DishesView.swift in Sources */,
				CF1F9FB52471CC7400A018D9 /* HeaderData.swift in Sources */,
				CF72695A2473179300E06C10 /* RecipeData.swift in Sources */,
				CF7269522473095F00E06C10 /* FactsView.swift in Sources */,
				CF1F9FB12471A2DE00A018D9 /* HeaderView.swift in Sources */,
			);
			runOnlyForDeploymentPostprocessing = 0;
		};
/* End PBXSourcesBuildPhase section */

/* Begin PBXVariantGroup section */
		CF369B52246F4B5E00A97100 /* LaunchScreen.storyboard */ = {
			isa = PBXVariantGroup;
			children = (
				CF369B53246F4B5E00A97100 /* Base */,
			);
			name = LaunchScreen.storyboard;
			sourceTree = "<group>";
		};
/* End PBXVariantGroup section */

/* Begin XCBuildConfiguration section */
		CF369B56246F4B5E00A97100 /* Debug */ = {
			isa = XCBuildConfiguration;
			buildSettings = {
				ALWAYS_SEARCH_USER_PATHS = NO;
				CLANG_ANALYZER_NONNULL = YES;
				CLANG_ANALYZER_NUMBER_OBJECT_CONVERSION = YES_AGGRESSIVE;
				CLANG_CXX_LANGUAGE_STANDARD = "gnu++14";
				CLANG_CXX_LIBRARY = "libc++";
				CLANG_ENABLE_MODULES = YES;
				CLANG_ENABLE_OBJC_ARC = YES;
				CLANG_ENABLE_OBJC_WEAK = YES;
				CLANG_WARN_BLOCK_CAPTURE_AUTORELEASING = YES;
				CLANG_WARN_BOOL_CONVERSION = YES;
				CLANG_WARN_COMMA = YES;
				CLANG_WARN_CONSTANT_CONVERSION = YES;
				CLANG_WARN_DEPRECATED_OBJC_IMPLEMENTATIONS = YES;
				CLANG_WARN_DIRECT_OBJC_ISA_USAGE = YES_ERROR;
				CLANG_WARN_DOCUMENTATION_COMMENTS = YES;
				CLANG_WARN_EMPTY_BODY = YES;
				CLANG_WARN_ENUM_CONVERSION = YES;
				CLANG_WARN_INFINITE_RECURSION = YES;
				CLANG_WARN_INT_CONVERSION = YES;
				CLANG_WARN_NON_LITERAL_NULL_CONVERSION = YES;
				CLANG_WARN_OBJC_IMPLICIT_RETAIN_SELF = YES;
				CLANG_WARN_OBJC_LITERAL_CONVERSION = YES;
				CLANG_WARN_OBJC_ROOT_CLASS = YES_ERROR;
				CLANG_WARN_RANGE_LOOP_ANALYSIS = YES;
				CLANG_WARN_STRICT_PROTOTYPES = YES;
				CLANG_WARN_SUSPICIOUS_MOVE = YES;
				CLANG_WARN_UNGUARDED_AVAILABILITY = YES_AGGRESSIVE;
				CLANG_WARN_UNREACHABLE_CODE = YES;
				CLANG_WARN__DUPLICATE_METHOD_MATCH = YES;
				COPY_PHASE_STRIP = NO;
				DEBUG_INFORMATION_FORMAT = dwarf;
				ENABLE_STRICT_OBJC_MSGSEND = YES;
				ENABLE_TESTABILITY = YES;
				GCC_C_LANGUAGE_STANDARD = gnu11;
				GCC_DYNAMIC_NO_PIC = NO;
				GCC_NO_COMMON_BLOCKS = YES;
				GCC_OPTIMIZATION_LEVEL = 0;
				GCC_PREPROCESSOR_DEFINITIONS = (
					"DEBUG=1",
					"$(inherited)",
				);
				GCC_WARN_64_TO_32_BIT_CONVERSION = YES;
				GCC_WARN_ABOUT_RETURN_TYPE = YES_ERROR;
				GCC_WARN_UNDECLARED_SELECTOR = YES;
				GCC_WARN_UNINITIALIZED_AUTOS = YES_AGGRESSIVE;
				GCC_WARN_UNUSED_FUNCTION = YES;
				GCC_WARN_UNUSED_VARIABLE = YES;
				IPHONEOS_DEPLOYMENT_TARGET = 13.4;
				MTL_ENABLE_DEBUG_INFO = INCLUDE_SOURCE;
				MTL_FAST_MATH = YES;
				ONLY_ACTIVE_ARCH = YES;
				SDKROOT = iphoneos;
				SWIFT_ACTIVE_COMPILATION_CONDITIONS = DEBUG;
				SWIFT_OPTIMIZATION_LEVEL = "-Onone";
			};
			name = Debug;
		};
		CF369B57246F4B5E00A97100 /* Release */ = {
			isa = XCBuildConfiguration;
			buildSettings = {
				ALWAYS_SEARCH_USER_PATHS = NO;
				CLANG_ANALYZER_NONNULL = YES;
				CLANG_ANALYZER_NUMBER_OBJECT_CONVERSION = YES_AGGRESSIVE;
				CLANG_CXX_LANGUAGE_STANDARD = "gnu++14";
				CLANG_CXX_LIBRARY = "libc++";
				CLANG_ENABLE_MODULES = YES;
				CLANG_ENABLE_OBJC_ARC = YES;
				CLANG_ENABLE_OBJC_WEAK = YES;
				CLANG_WARN_BLOCK_CAPTURE_AUTORELEASING = YES;
				CLANG_WARN_BOOL_CONVERSION = YES;
				CLANG_WARN_COMMA = YES;
				CLANG_WARN_CONSTANT_CONVERSION = YES;
				CLANG_WARN_DEPRECATED_OBJC_IMPLEMENTATIONS = YES;
				CLANG_WARN_DIRECT_OBJC_ISA_USAGE = YES_ERROR;
				CLANG_WARN_DOCUMENTATION_COMMENTS = YES;
				CLANG_WARN_EMPTY_BODY = YES;
				CLANG_WARN_ENUM_CONVERSION = YES;
				CLANG_WARN_INFINITE_RECURSION = YES;
				CLANG_WARN_INT_CONVERSION = YES;
				CLANG_WARN_NON_LITERAL_NULL_CONVERSION = YES;
				CLANG_WARN_OBJC_IMPLICIT_RETAIN_SELF = YES;
				CLANG_WARN_OBJC_LITERAL_CONVERSION = YES;
				CLANG_WARN_OBJC_ROOT_CLASS = YES_ERROR;
				CLANG_WARN_RANGE_LOOP_ANALYSIS = YES;
				CLANG_WARN_STRICT_PROTOTYPES = YES;
				CLANG_WARN_SUSPICIOUS_MOVE = YES;
				CLANG_WARN_UNGUARDED_AVAILABILITY = YES_AGGRESSIVE;
				CLANG_WARN_UNREACHABLE_CODE = YES;
				CLANG_WARN__DUPLICATE_METHOD_MATCH = YES;
				COPY_PHASE_STRIP = NO;
				DEBUG_INFORMATION_FORMAT = "dwarf-with-dsym";
				ENABLE_NS_ASSERTIONS = NO;
				ENABLE_STRICT_OBJC_MSGSEND = YES;
				GCC_C_LANGUAGE_STANDARD = gnu11;
				GCC_NO_COMMON_BLOCKS = YES;
				GCC_WARN_64_TO_32_BIT_CONVERSION = YES;
				GCC_WARN_ABOUT_RETURN_TYPE = YES_ERROR;
				GCC_WARN_UNDECLARED_SELECTOR = YES;
				GCC_WARN_UNINITIALIZED_AUTOS = YES_AGGRESSIVE;
				GCC_WARN_UNUSED_FUNCTION = YES;
				GCC_WARN_UNUSED_VARIABLE = YES;
				IPHONEOS_DEPLOYMENT_TARGET = 13.4;
				MTL_ENABLE_DEBUG_INFO = NO;
				MTL_FAST_MATH = YES;
				SDKROOT = iphoneos;
				SWIFT_COMPILATION_MODE = wholemodule;
				SWIFT_OPTIMIZATION_LEVEL = "-O";
				VALIDATE_PRODUCT = YES;
			};
			name = Release;
		};
		CF369B59246F4B5E00A97100 /* Debug */ = {
			isa = XCBuildConfiguration;
			buildSettings = {
				ASSETCATALOG_COMPILER_APPICON_NAME = AppIcon;
				CODE_SIGN_STYLE = Automatic;
				DEVELOPMENT_ASSET_PATHS = "\"AguacatesUI/Preview Content\"";
				DEVELOPMENT_TEAM = TNSM43P2F3;
				ENABLE_PREVIEWS = YES;
				INFOPLIST_FILE = AguacatesUI/Info.plist;
				LD_RUNPATH_SEARCH_PATHS = (
					"$(inherited)",
					"@executable_path/Frameworks",
				);
				PRODUCT_BUNDLE_IDENTIFIER = com.javiercueto.AguacatesUI;
				PRODUCT_NAME = "$(TARGET_NAME)";
				SWIFT_VERSION = 5.0;
				TARGETED_DEVICE_FAMILY = "1,2";
			};
			name = Debug;
		};
		CF369B5A246F4B5E00A97100 /* Release */ = {
			isa = XCBuildConfiguration;
			buildSettings = {
				ASSETCATALOG_COMPILER_APPICON_NAME = AppIcon;
				CODE_SIGN_STYLE = Automatic;
				DEVELOPMENT_ASSET_PATHS = "\"AguacatesUI/Preview Content\"";
				DEVELOPMENT_TEAM = TNSM43P2F3;
				ENABLE_PREVIEWS = YES;
				INFOPLIST_FILE = AguacatesUI/Info.plist;
				LD_RUNPATH_SEARCH_PATHS = (
					"$(inherited)",
					"@executable_path/Frameworks",
				);
				PRODUCT_BUNDLE_IDENTIFIER = com.javiercueto.AguacatesUI;
				PRODUCT_NAME = "$(TARGET_NAME)";
				SWIFT_VERSION = 5.0;
				TARGETED_DEVICE_FAMILY = "1,2";
			};
			name = Release;
		};
/* End XCBuildConfiguration section */

/* Begin XCConfigurationList section */
		CF369B3F246F4B5D00A97100 /* Build configuration list for PBXProject "AguacatesUI" */ = {
			isa = XCConfigurationList;
			buildConfigurations = (
				CF369B56246F4B5E00A97100 /* Debug */,
				CF369B57246F4B5E00A97100 /* Release */,
			);
			defaultConfigurationIsVisible = 0;
			defaultConfigurationName = Release;
		};
		CF369B58246F4B5E00A97100 /* Build configuration list for PBXNativeTarget "AguacatesUI" */ = {
			isa = XCConfigurationList;
			buildConfigurations = (
				CF369B59246F4B5E00A97100 /* Debug */,
				CF369B5A246F4B5E00A97100 /* Release */,
			);
			defaultConfigurationIsVisible = 0;
			defaultConfigurationName = Release;
		};
/* End XCConfigurationList section */
	};
	rootObject = CF369B3C246F4B5D00A97100 /* Project object */;
}
